
Microsoft Visual Studio Solution File, Format Version 12.00
# Visual Studio Version 17
VisualStudioVersion = 17.8.34525.116
MinimumVisualStudioVersion = 10.0.40219.1
Project("{9A19103F-16F7-4668-BE54-9A1E7A4F7556}") = "RecipeFinder", "src\RecipeFinder\RecipeFinder.csproj", "{46767E63-5DED-456C-A5B8-50BB4816C87C}"
EndProject
Project("{9A19103F-16F7-4668-BE54-9A1E7A4F7556}") = "RecipeFinder.Client", "src\RecipeFinder.Client\RecipeFinder.Client.csproj", "{4ED7B914-AFFE-4EC2-AD3A-133E1643B142}"
EndProject
Project("{2150E333-8FDC-42A3-9474-1A3956D46DE8}") = "Solution Items", "Solution Items", "{11F3E51A-541B-4F1D-AD1D-B0A7DC3478CE}"
EndProject
Project("{FAE04EC0-301F-11D3-BF4B-00C04F79EFBC}") = "RecipeFinder.Contracts", "src\RecipeFinder.Contracts\RecipeFinder.Contracts.csproj", "{8D153C0B-15E5-4B2C-B0D3-02756A27AF1A}"
EndProject
Global
	GlobalSection(SolutionConfigurationPlatforms) = preSolution
		Debug|Any CPU = Debug|Any CPU
		Release|Any CPU = Release|Any CPU
	EndGlobalSection
	GlobalSection(ProjectConfigurationPlatforms) = postSolution
		{46767E63-5DED-456C-A5B8-50BB4816C87C}.Debug|Any CPU.ActiveCfg = Debug|Any CPU
		{46767E63-5DED-456C-A5B8-50BB4816C87C}.Debug|Any CPU.Build.0 = Debug|Any CPU
		{46767E63-5DED-456C-A5B8-50BB4816C87C}.Release|Any CPU.ActiveCfg = Release|Any CPU
		{46767E63-5DED-456C-A5B8-50BB4816C87C}.Release|Any CPU.Build.0 = Release|Any CPU
		{4ED7B914-AFFE-4EC2-AD3A-133E1643B142}.Debug|Any CPU.ActiveCfg = Debug|Any CPU
		{4ED7B914-AFFE-4EC2-AD3A-133E1643B142}.Debug|Any CPU.Build.0 = Debug|Any CPU
		{4ED7B914-AFFE-4EC2-AD3A-133E1643B142}.Release|Any CPU.ActiveCfg = Release|Any CPU
		{4ED7B914-AFFE-4EC2-AD3A-133E1643B142}.Release|Any CPU.Build.0 = Release|Any CPU
		{8D153C0B-15E5-4B2C-B0D3-02756A27AF1A}.Debug|Any CPU.ActiveCfg = Debug|Any CPU
		{8D153C0B-15E5-4B2C-B0D3-02756A27AF1A}.Debug|Any CPU.Build.0 = Debug|Any CPU
		{8D153C0B-15E5-4B2C-B0D3-02756A27AF1A}.Release|Any CPU.ActiveCfg = Release|Any CPU
		{8D153C0B-15E5-4B2C-B0D3-02756A27AF1A}.Release|Any CPU.Build.0 = Release|Any CPU
	EndGlobalSection
	GlobalSection(SolutionProperties) = preSolution
		HideSolutionNode = FALSE
	EndGlobalSection
	GlobalSection(ExtensibilityGlobals) = postSolution
		SolutionGuid = {1F66CB88-BCF5-4D67-9C32-90501763BEFE}
	EndGlobalSection
EndGlobal
